// !$*UTF8*$!
{
	archiveVersion = 1;
	classes = {
	};
	objectVersion = 50;
	objects = {

/* Begin PBXBuildFile section */
		7B19BCA32342EB260086B050 /* AppDelegate.swift in Sources */ = {isa = PBXBuildFile; fileRef = 7B19BCA22342EB260086B050 /* AppDelegate.swift */; };
		7B19BCA52342EB260086B050 /* GameSceneDrop.sks in Resources */ = {isa = PBXBuildFile; fileRef = 7B19BCA42342EB260086B050 /* GameSceneDrop.sks */; };
		7B19BCA72342EB260086B050 /* Actions.sks in Resources */ = {isa = PBXBuildFile; fileRef = 7B19BCA62342EB260086B050 /* Actions.sks */; };
		7B19BCA92342EB260086B050 /* GameSceneDrop.swift in Sources */ = {isa = PBXBuildFile; fileRef = 7B19BCA82342EB260086B050 /* GameSceneDrop.swift */; };
		7B19BCAB2342EB260086B050 /* GameViewController.swift in Sources */ = {isa = PBXBuildFile; fileRef = 7B19BCAA2342EB260086B050 /* GameViewController.swift */; };
		7B19BCAE2342EB260086B050 /* Main.storyboard in Resources */ = {isa = PBXBuildFile; fileRef = 7B19BCAC2342EB260086B050 /* Main.storyboard */; };
		7B19BCB32342EB280086B050 /* LaunchScreen.storyboard in Resources */ = {isa = PBXBuildFile; fileRef = 7B19BCB12342EB280086B050 /* LaunchScreen.storyboard */; };
		7BCC547D2355968800804661 /* Assets.xcassets in Resources */ = {isa = PBXBuildFile; fileRef = 7BCC547C2355968800804661 /* Assets.xcassets */; };
		7BFAA85F2355225000B27272 /* GameSceneStart.swift in Sources */ = {isa = PBXBuildFile; fileRef = 7BFAA85E2355224F00B27272 /* GameSceneStart.swift */; };
		7BFAA863235535AF00B27272 /* GameSceneStart.sks in Resources */ = {isa = PBXBuildFile; fileRef = 7BFAA862235535AF00B27272 /* GameSceneStart.sks */; };
		7BFAA86523553BF900B27272 /* GameScenePlatform.swift in Sources */ = {isa = PBXBuildFile; fileRef = 7BFAA86423553BF900B27272 /* GameScenePlatform.swift */; };
		7BFAA86723553C3000B27272 /* GameScenePlatform.sks in Resources */ = {isa = PBXBuildFile; fileRef = 7BFAA86623553C3000B27272 /* GameScenePlatform.sks */; };
		7BFAA86E23556FC600B27272 /* GameSceneRotate.swift in Sources */ = {isa = PBXBuildFile; fileRef = 7BFAA86D23556FC600B27272 /* GameSceneRotate.swift */; };
		7BFAA8702355700F00B27272 /* GameSceneRotate.sks in Resources */ = {isa = PBXBuildFile; fileRef = 7BFAA86F2355700F00B27272 /* GameSceneRotate.sks */; };
		7BFAA8742355890200B27272 /* GameSceneBounce.swift in Sources */ = {isa = PBXBuildFile; fileRef = 7BFAA8732355890200B27272 /* GameSceneBounce.swift */; };
		7BFAA8762355891D00B27272 /* GameSceneBounce.sks in Resources */ = {isa = PBXBuildFile; fileRef = 7BFAA8752355891D00B27272 /* GameSceneBounce.sks */; };
/* End PBXBuildFile section */

/* Begin PBXFileReference section */
		7B19BC9F2342EB260086B050 /* GameExamples.app */ = {isa = PBXFileReference; explicitFileType = wrapper.application; includeInIndex = 0; path = GameExamples.app; sourceTree = BUILT_PRODUCTS_DIR; };
		7B19BCA22342EB260086B050 /* AppDelegate.swift */ = {isa = PBXFileReference; lastKnownFileType = sourcecode.swift; path = AppDelegate.swift; sourceTree = "<group>"; };
		7B19BCA42342EB260086B050 /* GameSceneDrop.sks */ = {isa = PBXFileReference; lastKnownFileType = file.sks; path = GameSceneDrop.sks; sourceTree = "<group>"; };
		7B19BCA62342EB260086B050 /* Actions.sks */ = {isa = PBXFileReference; lastKnownFileType = file.sks; path = Actions.sks; sourceTree = "<group>"; };
		7B19BCA82342EB260086B050 /* GameSceneDrop.swift */ = {isa = PBXFileReference; lastKnownFileType = sourcecode.swift; path = GameSceneDrop.swift; sourceTree = "<group>"; };
		7B19BCAA2342EB260086B050 /* GameViewController.swift */ = {isa = PBXFileReference; lastKnownFileType = sourcecode.swift; path = GameViewController.swift; sourceTree = "<group>"; };
		7B19BCAD2342EB260086B050 /* Base */ = {isa = PBXFileReference; lastKnownFileType = file.storyboard; name = Base; path = Base.lproj/Main.storyboard; sourceTree = "<group>"; };
		7B19BCB22342EB280086B050 /* Base */ = {isa = PBXFileReference; lastKnownFileType = file.storyboard; name = Base; path = Base.lproj/LaunchScreen.storyboard; sourceTree = "<group>"; };
		7B19BCB42342EB280086B050 /* Info.plist */ = {isa = PBXFileReference; lastKnownFileType = text.plist.xml; path = Info.plist; sourceTree = "<group>"; };
		7BCC547C2355968800804661 /* Assets.xcassets */ = {isa = PBXFileReference; lastKnownFileType = folder.assetcatalog; path = Assets.xcassets; sourceTree = "<group>"; };
		7BFAA85E2355224F00B27272 /* GameSceneStart.swift */ = {isa = PBXFileReference; lastKnownFileType = sourcecode.swift; path = GameSceneStart.swift; sourceTree = "<group>"; };
		7BFAA862235535AF00B27272 /* GameSceneStart.sks */ = {isa = PBXFileReference; lastKnownFileType = file.sks; path = GameSceneStart.sks; sourceTree = "<group>"; };
		7BFAA86423553BF900B27272 /* GameScenePlatform.swift */ = {isa = PBXFileReference; lastKnownFileType = sourcecode.swift; path = GameScenePlatform.swift; sourceTree = "<group>"; };
		7BFAA86623553C3000B27272 /* GameScenePlatform.sks */ = {isa = PBXFileReference; lastKnownFileType = file.sks; path = GameScenePlatform.sks; sourceTree = "<group>"; };
		7BFAA86A23554CF000B27272 /* GameExamples.entitlements */ = {isa = PBXFileReference; lastKnownFileType = text.plist.entitlements; path = GameExamples.entitlements; sourceTree = "<group>"; };
		7BFAA86D23556FC600B27272 /* GameSceneRotate.swift */ = {isa = PBXFileReference; lastKnownFileType = sourcecode.swift; path = GameSceneRotate.swift; sourceTree = "<group>"; };
		7BFAA86F2355700F00B27272 /* GameSceneRotate.sks */ = {isa = PBXFileReference; lastKnownFileType = file.sks; path = GameSceneRotate.sks; sourceTree = "<group>"; };
		7BFAA8732355890200B27272 /* GameSceneBounce.swift */ = {isa = PBXFileReference; lastKnownFileType = sourcecode.swift; path = GameSceneBounce.swift; sourceTree = "<group>"; };
		7BFAA8752355891D00B27272 /* GameSceneBounce.sks */ = {isa = PBXFileReference; lastKnownFileType = file.sks; path = GameSceneBounce.sks; sourceTree = "<group>"; };
/* End PBXFileReference section */

/* Begin PBXFrameworksBuildPhase section */
		7B19BC9C2342EB260086B050 /* Frameworks */ = {
			isa = PBXFrameworksBuildPhase;
			buildActionMask = 2147483647;
			files = (
			);
			runOnlyForDeploymentPostprocessing = 0;
		};
/* End PBXFrameworksBuildPhase section */

/* Begin PBXGroup section */
		7B19BC962342EB260086B050 = {
			isa = PBXGroup;
			children = (
				7B19BCA12342EB260086B050 /* GameExamples */,
				7B19BCA02342EB260086B050 /* Products */,
			);
			sourceTree = "<group>";
		};
		7B19BCA02342EB260086B050 /* Products */ = {
			isa = PBXGroup;
			children = (
				7B19BC9F2342EB260086B050 /* GameExamples.app */,
			);
			name = Products;
			sourceTree = "<group>";
		};
		7B19BCA12342EB260086B050 /* GameExamples */ = {
			isa = PBXGroup;
			children = (
				7BFAA86A23554CF000B27272 /* GameExamples.entitlements */,
				7B19BCA22342EB260086B050 /* AppDelegate.swift */,
				7B19BCA62342EB260086B050 /* Actions.sks */,
				7B19BCAA2342EB260086B050 /* GameViewController.swift */,
				7B19BCAC2342EB260086B050 /* Main.storyboard */,
				7BCC547C2355968800804661 /* Assets.xcassets */,
				7B19BCB12342EB280086B050 /* LaunchScreen.storyboard */,
				7B19BCB42342EB280086B050 /* Info.plist */,
				7BFAA85E2355224F00B27272 /* GameSceneStart.swift */,
				7BFAA862235535AF00B27272 /* GameSceneStart.sks */,
				7B19BCA82342EB260086B050 /* GameSceneDrop.swift */,
				7B19BCA42342EB260086B050 /* GameSceneDrop.sks */,
				7BFAA86423553BF900B27272 /* GameScenePlatform.swift */,
				7BFAA86623553C3000B27272 /* GameScenePlatform.sks */,
				7BFAA86D23556FC600B27272 /* GameSceneRotate.swift */,
				7BFAA86F2355700F00B27272 /* GameSceneRotate.sks */,
				7BFAA8732355890200B27272 /* GameSceneBounce.swift */,
				7BFAA8752355891D00B27272 /* GameSceneBounce.sks */,
			);
			path = GameExamples;
			sourceTree = "<group>";
		};
/* End PBXGroup section */

/* Begin PBXNativeTarget section */
		7B19BC9E2342EB260086B050 /* GameExamples */ = {
			isa = PBXNativeTarget;
			buildConfigurationList = 7B19BCB72342EB280086B050 /* Build configuration list for PBXNativeTarget "GameExamples" */;
			buildPhases = (
				7B19BC9B2342EB260086B050 /* Sources */,
				7B19BC9C2342EB260086B050 /* Frameworks */,
				7B19BC9D2342EB260086B050 /* Resources */,
			);
			buildRules = (
			);
			dependencies = (
			);
			name = GameExamples;
			productName = GameExamples;
			productReference = 7B19BC9F2342EB260086B050 /* GameExamples.app */;
			productType = "com.apple.product-type.application";
		};
/* End PBXNativeTarget section */

/* Begin PBXProject section */
		7B19BC972342EB260086B050 /* Project object */ = {
			isa = PBXProject;
			attributes = {
				LastSwiftUpdateCheck = 1100;
				LastUpgradeCheck = 1100;
				ORGANIZATIONNAME = "Matthew Pham";
				TargetAttributes = {
					7B19BC9E2342EB260086B050 = {
						CreatedOnToolsVersion = 11.0;
					};
				};
			};
			buildConfigurationList = 7B19BC9A2342EB260086B050 /* Build configuration list for PBXProject "GameExamples" */;
			compatibilityVersion = "Xcode 9.3";
			developmentRegion = en;
			hasScannedForEncodings = 0;
			knownRegions = (
				en,
				Base,
			);
			mainGroup = 7B19BC962342EB260086B050;
			productRefGroup = 7B19BCA02342EB260086B050 /* Products */;
			projectDirPath = "";
			projectRoot = "";
			targets = (
				7B19BC9E2342EB260086B050 /* GameExamples */,
			);
		};
/* End PBXProject section */

/* Begin PBXResourcesBuildPhase section */
		7B19BC9D2342EB260086B050 /* Resources */ = {
			isa = PBXResourcesBuildPhase;
			buildActionMask = 2147483647;
			files = (
				7B19BCAE2342EB260086B050 /* Main.storyboard in Resources */,
				7BFAA8762355891D00B27272 /* GameSceneBounce.sks in Resources */,
				7B19BCA52342EB260086B050 /* GameSceneDrop.sks in Resources */,
				7BFAA8702355700F00B27272 /* GameSceneRotate.sks in Resources */,
				7BCC547D2355968800804661 /* Assets.xcassets in Resources */,
				7BFAA86723553C3000B27272 /* GameScenePlatform.sks in Resources */,
				7BFAA863235535AF00B27272 /* GameSceneStart.sks in Resources */,
				7B19BCB32342EB280086B050 /* LaunchScreen.storyboard in Resources */,
				7B19BCA72342EB260086B050 /* Actions.sks in Resources */,
			);
			runOnlyForDeploymentPostprocessing = 0;
		};
/* End PBXResourcesBuildPhase section */

/* Begin PBXSourcesBuildPhase section */
		7B19BC9B2342EB260086B050 /* Sources */ = {
			isa = PBXSourcesBuildPhase;
			buildActionMask = 2147483647;
			files = (
				7B19BCA92342EB260086B050 /* GameSceneDrop.swift in Sources */,
				7BFAA86E23556FC600B27272 /* GameSceneRotate.swift in Sources */,
				7BFAA86523553BF900B27272 /* GameScenePlatform.swift in Sources */,
				7BFAA8742355890200B27272 /* GameSceneBounce.swift in Sources */,
				7BFAA85F2355225000B27272 /* GameSceneStart.swift in Sources */,
				7B19BCAB2342EB260086B050 /* GameViewController.swift in Sources */,
				7B19BCA32342EB260086B050 /* AppDelegate.swift in Sources */,
			);
			runOnlyForDeploymentPostprocessing = 0;
		};
/* End PBXSourcesBuildPhase section */

/* Begin PBXVariantGroup section */
		7B19BCAC2342EB260086B050 /* Main.storyboard */ = {
			isa = PBXVariantGroup;
			children = (
				7B19BCAD2342EB260086B050 /* Base */,
			);
			name = Main.storyboard;
			sourceTree = "<group>";
		};
		7B19BCB12342EB280086B050 /* LaunchScreen.storyboard */ = {
			isa = PBXVariantGroup;
			children = (
				7B19BCB22342EB280086B050 /* Base */,
			);
			name = LaunchScreen.storyboard;
			sourceTree = "<group>";
		};
/* End PBXVariantGroup section */

/* Begin XCBuildConfiguration section */
		7B19BCB52342EB280086B050 /* Debug */ = {
			isa = XCBuildConfiguration;
			buildSettings = {
				ALWAYS_SEARCH_USER_PATHS = NO;
				CLANG_ANALYZER_NONNULL = YES;
				CLANG_ANALYZER_NUMBER_OBJECT_CONVERSION = YES_AGGRESSIVE;
				CLANG_CXX_LANGUAGE_STANDARD = "gnu++14";
				CLANG_CXX_LIBRARY = "libc++";
				CLANG_ENABLE_MODULES = YES;
				CLANG_ENABLE_OBJC_ARC = YES;
				CLANG_ENABLE_OBJC_WEAK = YES;
				CLANG_WARN_BLOCK_CAPTURE_AUTORELEASING = YES;
				CLANG_WARN_BOOL_CONVERSION = YES;
				CLANG_WARN_COMMA = YES;
				CLANG_WARN_CONSTANT_CONVERSION = YES;
				CLANG_WARN_DEPRECATED_OBJC_IMPLEMENTATIONS = YES;
				CLANG_WARN_DIRECT_OBJC_ISA_USAGE = YES_ERROR;
				CLANG_WARN_DOCUMENTATION_COMMENTS = YES;
				CLANG_WARN_EMPTY_BODY = YES;
				CLANG_WARN_ENUM_CONVERSION = YES;
				CLANG_WARN_INFINITE_RECURSION = YES;
				CLANG_WARN_INT_CONVERSION = YES;
				CLANG_WARN_NON_LITERAL_NULL_CONVERSION = YES;
				CLANG_WARN_OBJC_IMPLICIT_RETAIN_SELF = YES;
				CLANG_WARN_OBJC_LITERAL_CONVERSION = YES;
				CLANG_WARN_OBJC_ROOT_CLASS = YES_ERROR;
				CLANG_WARN_RANGE_LOOP_ANALYSIS = YES;
				CLANG_WARN_STRICT_PROTOTYPES = YES;
				CLANG_WARN_SUSPICIOUS_MOVE = YES;
				CLANG_WARN_UNGUARDED_AVAILABILITY = YES_AGGRESSIVE;
				CLANG_WARN_UNREACHABLE_CODE = YES;
				CLANG_WARN__DUPLICATE_METHOD_MATCH = YES;
				COPY_PHASE_STRIP = NO;
				DEBUG_INFORMATION_FORMAT = dwarf;
				ENABLE_STRICT_OBJC_MSGSEND = YES;
				ENABLE_TESTABILITY = YES;
				GCC_C_LANGUAGE_STANDARD = gnu11;
				GCC_DYNAMIC_NO_PIC = NO;
				GCC_NO_COMMON_BLOCKS = YES;
				GCC_OPTIMIZATION_LEVEL = 0;
				GCC_PREPROCESSOR_DEFINITIONS = (
					"DEBUG=1",
					"$(inherited)",
				);
				GCC_WARN_64_TO_32_BIT_CONVERSION = YES;
				GCC_WARN_ABOUT_RETURN_TYPE = YES_ERROR;
				GCC_WARN_UNDECLARED_SELECTOR = YES;
				GCC_WARN_UNINITIALIZED_AUTOS = YES_AGGRESSIVE;
				GCC_WARN_UNUSED_FUNCTION = YES;
				GCC_WARN_UNUSED_VARIABLE = YES;
				IPHONEOS_DEPLOYMENT_TARGET = 13.0;
				MTL_ENABLE_DEBUG_INFO = INCLUDE_SOURCE;
				MTL_FAST_MATH = YES;
				ONLY_ACTIVE_ARCH = YES;
				SDKROOT = iphoneos;
				SWIFT_ACTIVE_COMPILATION_CONDITIONS = DEBUG;
				SWIFT_OPTIMIZATION_LEVEL = "-Onone";
			};
			name = Debug;
		};
		7B19BCB62342EB280086B050 /* Release */ = {
			isa = XCBuildConfiguration;
			buildSettings = {
				ALWAYS_SEARCH_USER_PATHS = NO;
				CLANG_ANALYZER_NONNULL = YES;
				CLANG_ANALYZER_NUMBER_OBJECT_CONVERSION = YES_AGGRESSIVE;
				CLANG_CXX_LANGUAGE_STANDARD = "gnu++14";
				CLANG_CXX_LIBRARY = "libc++";
				CLANG_ENABLE_MODULES = YES;
				CLANG_ENABLE_OBJC_ARC = YES;
				CLANG_ENABLE_OBJC_WEAK = YES;
				CLANG_WARN_BLOCK_CAPTURE_AUTORELEASING = YES;
				CLANG_WARN_BOOL_CONVERSION = YES;
				CLANG_WARN_COMMA = YES;
				CLANG_WARN_CONSTANT_CONVERSION = YES;
				CLANG_WARN_DEPRECATED_OBJC_IMPLEMENTATIONS = YES;
				CLANG_WARN_DIRECT_OBJC_ISA_USAGE = YES_ERROR;
				CLANG_WARN_DOCUMENTATION_COMMENTS = YES;
				CLANG_WARN_EMPTY_BODY = YES;
				CLANG_WARN_ENUM_CONVERSION = YES;
				CLANG_WARN_INFINITE_RECURSION = YES;
				CLANG_WARN_INT_CONVERSION = YES;
				CLANG_WARN_NON_LITERAL_NULL_CONVERSION = YES;
				CLANG_WARN_OBJC_IMPLICIT_RETAIN_SELF = YES;
				CLANG_WARN_OBJC_LITERAL_CONVERSION = YES;
				CLANG_WARN_OBJC_ROOT_CLASS = YES_ERROR;
				CLANG_WARN_RANGE_LOOP_ANALYSIS = YES;
				CLANG_WARN_STRICT_PROTOTYPES = YES;
				CLANG_WARN_SUSPICIOUS_MOVE = YES;
				CLANG_WARN_UNGUARDED_AVAILABILITY = YES_AGGRESSIVE;
				CLANG_WARN_UNREACHABLE_CODE = YES;
				CLANG_WARN__DUPLICATE_METHOD_MATCH = YES;
				COPY_PHASE_STRIP = NO;
				DEBUG_INFORMATION_FORMAT = "dwarf-with-dsym";
				ENABLE_NS_ASSERTIONS = NO;
				ENABLE_STRICT_OBJC_MSGSEND = YES;
				GCC_C_LANGUAGE_STANDARD = gnu11;
				GCC_NO_COMMON_BLOCKS = YES;
				GCC_WARN_64_TO_32_BIT_CONVERSION = YES;
				GCC_WARN_ABOUT_RETURN_TYPE = YES_ERROR;
				GCC_WARN_UNDECLARED_SELECTOR = YES;
				GCC_WARN_UNINITIALIZED_AUTOS = YES_AGGRESSIVE;
				GCC_WARN_UNUSED_FUNCTION = YES;
				GCC_WARN_UNUSED_VARIABLE = YES;
				IPHONEOS_DEPLOYMENT_TARGET = 13.0;
				MTL_ENABLE_DEBUG_INFO = NO;
				MTL_FAST_MATH = YES;
				SDKROOT = iphoneos;
				SWIFT_COMPILATION_MODE = wholemodule;
				SWIFT_OPTIMIZATION_LEVEL = "-O";
				VALIDATE_PRODUCT = YES;
			};
			name = Release;
		};
		7B19BCB82342EB280086B050 /* Debug */ = {
			isa = XCBuildConfiguration;
			buildSettings = {
				ASSETCATALOG_COMPILER_APPICON_NAME = AppIcon;
				CODE_SIGN_ENTITLEMENTS = GameExamples/GameExamples.entitlements;
				CODE_SIGN_STYLE = Automatic;
				INFOPLIST_FILE = GameExamples/Info.plist;
				IPHONEOS_DEPLOYMENT_TARGET = 12.1;
				LD_RUNPATH_SEARCH_PATHS = (
					"$(inherited)",
					"@executable_path/Frameworks",
				);
				PRODUCT_BUNDLE_IDENTIFIER = com.cgs.GameExamples;
				PRODUCT_NAME = "$(TARGET_NAME)";
				SUPPORTS_MACCATALYST = NO;
				SWIFT_VERSION = 5.0;
				TARGETED_DEVICE_FAMILY = "1,2";
			};
			name = Debug;
		};
		7B19BCB92342EB280086B050 /* Release */ = {
			isa = XCBuildConfiguration;
			buildSettings = {
				ASSETCATALOG_COMPILER_APPICON_NAME = AppIcon;
				CODE_SIGN_ENTITLEMENTS = GameExamples/GameExamples.entitlements;
				CODE_SIGN_STYLE = Automatic;
				INFOPLIST_FILE = GameExamples/Info.plist;
				IPHONEOS_DEPLOYMENT_TARGET = 12.1;
				LD_RUNPATH_SEARCH_PATHS = (
					"$(inherited)",
					"@executable_path/Frameworks",
				);
				PRODUCT_BUNDLE_IDENTIFIER = com.cgs.GameExamples;
				PRODUCT_NAME = "$(TARGET_NAME)";
				SUPPORTS_MACCATALYST = NO;
				SWIFT_VERSION = 5.0;
				TARGETED_DEVICE_FAMILY = "1,2";
			};
			name = Release;
		};
/* End XCBuildConfiguration section */

/* Begin XCConfigurationList section */
		7B19BC9A2342EB260086B050 /* Build configuration list for PBXProject "GameExamples" */ = {
			isa = XCConfigurationList;
			buildConfigurations = (
				7B19BCB52342EB280086B050 /* Debug */,
				7B19BCB62342EB280086B050 /* Release */,
			);
			defaultConfigurationIsVisible = 0;
			defaultConfigurationName = Release;
		};
		7B19BCB72342EB280086B050 /* Build configuration list for PBXNativeTarget "GameExamples" */ = {
			isa = XCConfigurationList;
			buildConfigurations = (
				7B19BCB82342EB280086B050 /* Debug */,
				7B19BCB92342EB280086B050 /* Release */,
			);
			defaultConfigurationIsVisible = 0;
			defaultConfigurationName = Release;
		};
/* End XCConfigurationList section */
	};
	rootObject = 7B19BC972342EB260086B050 /* Project object */;
}
